
Microsoft Visual Studio Solution File, Format Version 12.00
# Visual Studio Version 17
VisualStudioVersion = 17.13.35806.99 d17.13
MinimumVisualStudioVersion = 10.0.40219.1
Project("{FAE04EC0-301F-11D3-BF4B-00C04F79EFBC}") = "NumeroPorExtenso", "NumeroPorExtenso\NumeroPorExtenso.csproj", "{465D2DBA-D21D-430A-AC84-98204D2F385B}"
EndProject
Global
	GlobalSection(SolutionConfigurationPlatforms) = preSolution
		Debug|Any CPU = Debug|Any CPU
		Release|Any CPU = Release|Any CPU
	EndGlobalSection
	GlobalSection(ProjectConfigurationPlatforms) = postSolution
		{465D2DBA-D21D-430A-AC84-98204D2F385B}.Debug|Any CPU.ActiveCfg = Debug|Any CPU
		{465D2DBA-D21D-430A-AC84-98204D2F385B}.Debug|Any CPU.Build.0 = Debug|Any CPU
		{465D2DBA-D21D-430A-AC84-98204D2F385B}.Release|Any CPU.ActiveCfg = Release|Any CPU
		{465D2DBA-D21D-430A-AC84-98204D2F385B}.Release|Any CPU.Build.0 = Release|Any CPU
	EndGlobalSection
	GlobalSection(SolutionProperties) = preSolution
		HideSolutionNode = FALSE
	EndGlobalSection
	GlobalSection(ExtensibilityGlobals) = postSolution
		SolutionGuid = {A4DA0EE1-A221-4F90-AE2C-15FE53C893B7}
	EndGlobalSection
EndGlobal
